// !$*UTF8*$!
{
	archiveVersion = 1;
	classes = {
	};
	objectVersion = 48;
	objects = {

/* Begin PBXBuildFile section */
		C10FD1CF2002E47F0087BEE7 /* InterestCollectionView.swift in Sources */ = {isa = PBXBuildFile; fileRef = C10FD1CE2002E47F0087BEE7 /* InterestCollectionView.swift */; };
		C11AB1702045B238009E10A8 /* NavButton.swift in Sources */ = {isa = PBXBuildFile; fileRef = C11AB16F2045B238009E10A8 /* NavButton.swift */; };
		C12B8F81200273EA00B5BC4F /* Interest.swift in Sources */ = {isa = PBXBuildFile; fileRef = C12B8F80200273EA00B5BC4F /* Interest.swift */; };
		C12B8F83200274C900B5BC4F /* Interest.xib in Resources */ = {isa = PBXBuildFile; fileRef = C12B8F82200274C900B5BC4F /* Interest.xib */; };
		C12B8F852002843200B5BC4F /* InterestCreator.xib in Resources */ = {isa = PBXBuildFile; fileRef = C12B8F842002843200B5BC4F /* InterestCreator.xib */; };
		C12B8F8920028EBA00B5BC4F /* InterestCreator.swift in Sources */ = {isa = PBXBuildFile; fileRef = C12B8F8820028EBA00B5BC4F /* InterestCreator.swift */; };
		C12B8F8F2002B25A00B5BC4F /* UIColor.swift in Sources */ = {isa = PBXBuildFile; fileRef = C12B8F8E2002B25A00B5BC4F /* UIColor.swift */; };
		C12FF4DD1FCE4939002E0E0F /* Configuration.swift in Sources */ = {isa = PBXBuildFile; fileRef = C12FF4DC1FCE4939002E0E0F /* Configuration.swift */; };
		C12FF4DF1FCE496C002E0E0F /* HTTP.swift in Sources */ = {isa = PBXBuildFile; fileRef = C12FF4DE1FCE496C002E0E0F /* HTTP.swift */; };
		C12FF4E11FCE4E86002E0E0F /* Authentication.swift in Sources */ = {isa = PBXBuildFile; fileRef = C12FF4E01FCE4E86002E0E0F /* Authentication.swift */; };
		C12FF4E41FCE501F002E0E0F /* User.swift in Sources */ = {isa = PBXBuildFile; fileRef = C12FF4E31FCE501F002E0E0F /* User.swift */; };
		C12FF4E61FCE50CE002E0E0F /* State.swift in Sources */ = {isa = PBXBuildFile; fileRef = C12FF4E51FCE50CE002E0E0F /* State.swift */; };
		C12FF4E81FCE5A60002E0E0F /* Elements.swift in Sources */ = {isa = PBXBuildFile; fileRef = C12FF4E71FCE5A60002E0E0F /* Elements.swift */; };
		C12FF4EA1FCF1A6A002E0E0F /* ConfirmationController.swift in Sources */ = {isa = PBXBuildFile; fileRef = C12FF4E91FCF1A6A002E0E0F /* ConfirmationController.swift */; };
		C13620B51FFC10AD00460DD1 /* MessageViewController.swift in Sources */ = {isa = PBXBuildFile; fileRef = C13620B41FFC10AD00460DD1 /* MessageViewController.swift */; };
		C13620B71FFC239B00460DD1 /* Message.swift in Sources */ = {isa = PBXBuildFile; fileRef = C13620B61FFC239B00460DD1 /* Message.swift */; };
		C13620B91FFC369600460DD1 /* MessageTableView.swift in Sources */ = {isa = PBXBuildFile; fileRef = C13620B81FFC369600460DD1 /* MessageTableView.swift */; };
		C13F55532015708800D9BC1A /* InterestExplore.xib in Resources */ = {isa = PBXBuildFile; fileRef = C13F55522015708800D9BC1A /* InterestExplore.xib */; };
		C13F55552015A90700D9BC1A /* UICollectionView.swift in Sources */ = {isa = PBXBuildFile; fileRef = C13F55542015A90700D9BC1A /* UICollectionView.swift */; };
		C15E3789201009D80025F651 /* CALayer.swift in Sources */ = {isa = PBXBuildFile; fileRef = C15E3788201009D80025F651 /* CALayer.swift */; };
		C163489F1FC0E44A006A85F2 /* AuthenticationNavigationController.swift in Sources */ = {isa = PBXBuildFile; fileRef = C163489E1FC0E44A006A85F2 /* AuthenticationNavigationController.swift */; };
		C16348A21FC0E691006A85F2 /* UIFadeSegue.swift in Sources */ = {isa = PBXBuildFile; fileRef = C16348A11FC0E691006A85F2 /* UIFadeSegue.swift */; };
		C168058E1FCE3E9A0093058C /* HomeController.swift in Sources */ = {isa = PBXBuildFile; fileRef = C168058D1FCE3E9A0093058C /* HomeController.swift */; };
		C16BCF391FFDDA33001C3619 /* ProfileViewController.swift in Sources */ = {isa = PBXBuildFile; fileRef = C16BCF381FFDDA33001C3619 /* ProfileViewController.swift */; };
		C16BCF3B1FFE9740001C3619 /* BoopPageViewController.swift in Sources */ = {isa = PBXBuildFile; fileRef = C16BCF3A1FFE9740001C3619 /* BoopPageViewController.swift */; };
		C16BCF3F1FFEC72F001C3619 /* ReplyViewController.swift in Sources */ = {isa = PBXBuildFile; fileRef = C16BCF3E1FFEC72F001C3619 /* ReplyViewController.swift */; };
		C16BCF421FFEEA4D001C3619 /* Composer.xib in Resources */ = {isa = PBXBuildFile; fileRef = C16BCF411FFEEA4D001C3619 /* Composer.xib */; };
		C16BCF461FFEEC64001C3619 /* Composer.swift in Sources */ = {isa = PBXBuildFile; fileRef = C16BCF451FFEEC64001C3619 /* Composer.swift */; };
		C17BCC041FF0B178005FA873 /* Black.ttf in Resources */ = {isa = PBXBuildFile; fileRef = C17BCBFD1FF0B177005FA873 /* Black.ttf */; };
		C17BCC051FF0B178005FA873 /* Bold.ttf in Resources */ = {isa = PBXBuildFile; fileRef = C17BCBFE1FF0B177005FA873 /* Bold.ttf */; };
		C17BCC061FF0B178005FA873 /* Thinner.ttf in Resources */ = {isa = PBXBuildFile; fileRef = C17BCBFF1FF0B178005FA873 /* Thinner.ttf */; };
		C17BCC071FF0B178005FA873 /* HeavyBold.ttf in Resources */ = {isa = PBXBuildFile; fileRef = C17BCC001FF0B178005FA873 /* HeavyBold.ttf */; };
		C17BCC081FF0B178005FA873 /* Normal.ttf in Resources */ = {isa = PBXBuildFile; fileRef = C17BCC011FF0B178005FA873 /* Normal.ttf */; };
		C17BCC091FF0B178005FA873 /* Bolder.ttf in Resources */ = {isa = PBXBuildFile; fileRef = C17BCC021FF0B178005FA873 /* Bolder.ttf */; };
		C17BCC0A1FF0B178005FA873 /* Thin.ttf in Resources */ = {isa = PBXBuildFile; fileRef = C17BCC031FF0B178005FA873 /* Thin.ttf */; };
		C17CEEFE1FDB85CE0037E0D7 /* PillButton.swift in Sources */ = {isa = PBXBuildFile; fileRef = C17CEEFD1FDB85CE0037E0D7 /* PillButton.swift */; };
		C17CEF001FDBB1FF0037E0D7 /* BoopNavigationController.swift in Sources */ = {isa = PBXBuildFile; fileRef = C17CEEFF1FDBB1FF0037E0D7 /* BoopNavigationController.swift */; };
		C18B77641FC1004D00D0617B /* OstrichSans-Medium.otf in Resources */ = {isa = PBXBuildFile; fileRef = C18B775F1FC1004C00D0617B /* OstrichSans-Medium.otf */; };
		C18B77651FC1004D00D0617B /* OstrichSans-Light.otf in Resources */ = {isa = PBXBuildFile; fileRef = C18B77601FC1004C00D0617B /* OstrichSans-Light.otf */; };
		C18B77661FC1004D00D0617B /* OstrichSans-Black.otf in Resources */ = {isa = PBXBuildFile; fileRef = C18B77611FC1004D00D0617B /* OstrichSans-Black.otf */; };
		C18B77671FC1004D00D0617B /* OstrichSans-Bold.otf in Resources */ = {isa = PBXBuildFile; fileRef = C18B77621FC1004D00D0617B /* OstrichSans-Bold.otf */; };
		C18B77681FC1004D00D0617B /* OstrichSans-Heavy.otf in Resources */ = {isa = PBXBuildFile; fileRef = C18B77631FC1004D00D0617B /* OstrichSans-Heavy.otf */; };
		C18B776A1FC103E700D0617B /* BEBAS___.ttf in Resources */ = {isa = PBXBuildFile; fileRef = C18B77691FC103E700D0617B /* BEBAS___.ttf */; };
		C18D341A1FC1261900EFB705 /* LoginController.swift in Sources */ = {isa = PBXBuildFile; fileRef = C18D34191FC1261900EFB705 /* LoginController.swift */; };
		C19C11001FCF4E5200113FAC /* BoopRequestError.swift in Sources */ = {isa = PBXBuildFile; fileRef = C19C10FF1FCF4E5200113FAC /* BoopRequestError.swift */; };
		C1A83E162004003200BE161E /* UINavigationController.swift in Sources */ = {isa = PBXBuildFile; fileRef = C1A83E152004003200BE161E /* UINavigationController.swift */; };
		C1AC80891FBE737A00C54D3C /* AppDelegate.swift in Sources */ = {isa = PBXBuildFile; fileRef = C1AC80881FBE737A00C54D3C /* AppDelegate.swift */; };
		C1AC808B1FBE737A00C54D3C /* ViewController.swift in Sources */ = {isa = PBXBuildFile; fileRef = C1AC808A1FBE737A00C54D3C /* ViewController.swift */; };
		C1AC808E1FBE737A00C54D3C /* Main.storyboard in Resources */ = {isa = PBXBuildFile; fileRef = C1AC808C1FBE737A00C54D3C /* Main.storyboard */; };
		C1AC80901FBE737A00C54D3C /* Assets.xcassets in Resources */ = {isa = PBXBuildFile; fileRef = C1AC808F1FBE737A00C54D3C /* Assets.xcassets */; };
		C1AC80931FBE737A00C54D3C /* LaunchScreen.storyboard in Resources */ = {isa = PBXBuildFile; fileRef = C1AC80911FBE737A00C54D3C /* LaunchScreen.storyboard */; };
		C1AC809E1FBE737A00C54D3C /* BoopTests.swift in Sources */ = {isa = PBXBuildFile; fileRef = C1AC809D1FBE737A00C54D3C /* BoopTests.swift */; };
		C1AC80A91FBE737A00C54D3C /* BoopUITests.swift in Sources */ = {isa = PBXBuildFile; fileRef = C1AC80A81FBE737A00C54D3C /* BoopUITests.swift */; };
		C1AC80BA1FBEA37E00C54D3C /* UIViewController.swift in Sources */ = {isa = PBXBuildFile; fileRef = C1AC80B91FBEA37E00C54D3C /* UIViewController.swift */; };
		C1AC80BD1FBF43DF00C54D3C /* RegistrationController.swift in Sources */ = {isa = PBXBuildFile; fileRef = C1AC80BC1FBF43DF00C54D3C /* RegistrationController.swift */; };
		C1AD724D2014F829000476C4 /* UITextField.swift in Sources */ = {isa = PBXBuildFile; fileRef = C1AD724C2014F829000476C4 /* UITextField.swift */; };
		C1AD724F201556B7000476C4 /* Untappable.swift in Sources */ = {isa = PBXBuildFile; fileRef = C1AD724E201556B7000476C4 /* Untappable.swift */; };
		C1AD725120155CAC000476C4 /* InterestExploreCollectionView.swift in Sources */ = {isa = PBXBuildFile; fileRef = C1AD725020155CAC000476C4 /* InterestExploreCollectionView.swift */; };
		C1B6DFC4200E8CB800DD0253 /* SocketBridge.swift in Sources */ = {isa = PBXBuildFile; fileRef = C1B6DFC3200E8CB800DD0253 /* SocketBridge.swift */; };
		C1B72BF31FFC54DB008C2676 /* UIView.swift in Sources */ = {isa = PBXBuildFile; fileRef = C1B72BF21FFC54DB008C2676 /* UIView.swift */; };
		C1B72BF51FFC5951008C2676 /* MessageView.xib in Resources */ = {isa = PBXBuildFile; fileRef = C1B72BF41FFC5951008C2676 /* MessageView.xib */; };
		C1B72BF81FFD3646008C2676 /* sukhumvit in Resources */ = {isa = PBXBuildFile; fileRef = C1B72BF71FFD3646008C2676 /* sukhumvit */; };
		C1B72BFF1FFD365A008C2676 /* SukhumvitSet-Medium.ttf in Resources */ = {isa = PBXBuildFile; fileRef = C1B72BF91FFD3659008C2676 /* SukhumvitSet-Medium.ttf */; };
		C1B72C001FFD365A008C2676 /* SukhumvitSet-Bold.ttf in Resources */ = {isa = PBXBuildFile; fileRef = C1B72BFA1FFD365A008C2676 /* SukhumvitSet-Bold.ttf */; };
		C1B72C011FFD365A008C2676 /* SukhumvitSet-Text.ttf in Resources */ = {isa = PBXBuildFile; fileRef = C1B72BFB1FFD365A008C2676 /* SukhumvitSet-Text.ttf */; };
		C1B72C021FFD365A008C2676 /* SukhumvitSet-Thin.ttf in Resources */ = {isa = PBXBuildFile; fileRef = C1B72BFC1FFD365A008C2676 /* SukhumvitSet-Thin.ttf */; };
		C1B72C031FFD365A008C2676 /* SukhumvitSet-Light.ttf in Resources */ = {isa = PBXBuildFile; fileRef = C1B72BFD1FFD365A008C2676 /* SukhumvitSet-Light.ttf */; };
		C1B72C041FFD365A008C2676 /* SukhumvitSet-SemiBold.ttf in Resources */ = {isa = PBXBuildFile; fileRef = C1B72BFE1FFD365A008C2676 /* SukhumvitSet-SemiBold.ttf */; };
		C1B7928F203B581200B1471A /* UITapToDismissViewController.swift in Sources */ = {isa = PBXBuildFile; fileRef = C1B7928E203B581200B1471A /* UITapToDismissViewController.swift */; };
		C1B79291203B672500B1471A /* GiphyController.swift in Sources */ = {isa = PBXBuildFile; fileRef = C1B79290203B672500B1471A /* GiphyController.swift */; };
		C1C5ECE7200AA7E500B2DDE8 /* AuthenticationSingularity.swift in Sources */ = {isa = PBXBuildFile; fileRef = C1C5ECE6200AA7E500B2DDE8 /* AuthenticationSingularity.swift */; };
		C1CC7C72200B048000F6E2B1 /* UIButton.swift in Sources */ = {isa = PBXBuildFile; fileRef = C1CC7C71200B048000F6E2B1 /* UIButton.swift */; };
		C1CC7C76200D06AB00F6E2B1 /* YarnCount.xib in Resources */ = {isa = PBXBuildFile; fileRef = C1CC7C75200D06AB00F6E2B1 /* YarnCount.xib */; };
		C1CC7C78200D06FD00F6E2B1 /* YarnCounter.swift in Sources */ = {isa = PBXBuildFile; fileRef = C1CC7C77200D06FD00F6E2B1 /* YarnCounter.swift */; };
		C1CC7C7A200D249900F6E2B1 /* UIImageView.swift in Sources */ = {isa = PBXBuildFile; fileRef = C1CC7C79200D249900F6E2B1 /* UIImageView.swift */; };
		C1CC7C7C200DA35E00F6E2B1 /* ShadowView.swift in Sources */ = {isa = PBXBuildFile; fileRef = C1CC7C7B200DA35E00F6E2B1 /* ShadowView.swift */; };
		C1D15D28204DFAA900DBDEE8 /* CenterTextView.swift in Sources */ = {isa = PBXBuildFile; fileRef = C1D15D27204DFAA900DBDEE8 /* CenterTextView.swift */; };
		C1D15D2A20506A1700DBDEE8 /* BoopMainMenu.swift in Sources */ = {isa = PBXBuildFile; fileRef = C1D15D2920506A1700DBDEE8 /* BoopMainMenu.swift */; };
		C1DD294D2011367600A0EF8B /* GlobalBoopNavigation.swift in Sources */ = {isa = PBXBuildFile; fileRef = C1DD294C2011367600A0EF8B /* GlobalBoopNavigation.swift */; };
		C1E482091FD635E1003F8ADF /* FinishProfileController.swift in Sources */ = {isa = PBXBuildFile; fileRef = C1E482081FD635E1003F8ADF /* FinishProfileController.swift */; };
		C1F5227020255E7200A25D51 /* ExploreLayout.swift in Sources */ = {isa = PBXBuildFile; fileRef = C1F5226F20255E7200A25D51 /* ExploreLayout.swift */; };
		C7460BD32C37079E4951C3D1 /* Pods_Boop.framework in Frameworks */ = {isa = PBXBuildFile; fileRef = B58F1D8684FCEEE3DBD013DE /* Pods_Boop.framework */; };
/* End PBXBuildFile section */

/* Begin PBXContainerItemProxy section */
		C1AC809A1FBE737A00C54D3C /* PBXContainerItemProxy */ = {
			isa = PBXContainerItemProxy;
			containerPortal = C1AC807D1FBE737A00C54D3C /* Project object */;
			proxyType = 1;
			remoteGlobalIDString = C1AC80841FBE737A00C54D3C;
			remoteInfo = Boop;
		};
		C1AC80A51FBE737A00C54D3C /* PBXContainerItemProxy */ = {
			isa = PBXContainerItemProxy;
			containerPortal = C1AC807D1FBE737A00C54D3C /* Project object */;
			proxyType = 1;
			remoteGlobalIDString = C1AC80841FBE737A00C54D3C;
			remoteInfo = Boop;
		};
/* End PBXContainerItemProxy section */

/* Begin PBXFileReference section */
		6F38EF8CE57F60D481862ECE /* Pods-Boop.release.xcconfig */ = {isa = PBXFileReference; includeInIndex = 1; lastKnownFileType = text.xcconfig; name = "Pods-Boop.release.xcconfig"; path = "Pods/Target Support Files/Pods-Boop/Pods-Boop.release.xcconfig"; sourceTree = "<group>"; };
		B58F1D8684FCEEE3DBD013DE /* Pods_Boop.framework */ = {isa = PBXFileReference; explicitFileType = wrapper.framework; includeInIndex = 0; path = Pods_Boop.framework; sourceTree = BUILT_PRODUCTS_DIR; };
		C10FD1CE2002E47F0087BEE7 /* InterestCollectionView.swift */ = {isa = PBXFileReference; lastKnownFileType = sourcecode.swift; path = InterestCollectionView.swift; sourceTree = "<group>"; };
		C11AB16F2045B238009E10A8 /* NavButton.swift */ = {isa = PBXFileReference; lastKnownFileType = sourcecode.swift; path = NavButton.swift; sourceTree = "<group>"; };
		C12B8F80200273EA00B5BC4F /* Interest.swift */ = {isa = PBXFileReference; lastKnownFileType = sourcecode.swift; path = Interest.swift; sourceTree = "<group>"; };
		C12B8F82200274C900B5BC4F /* Interest.xib */ = {isa = PBXFileReference; lastKnownFileType = file.xib; path = Interest.xib; sourceTree = "<group>"; };
		C12B8F842002843200B5BC4F /* InterestCreator.xib */ = {isa = PBXFileReference; lastKnownFileType = file.xib; path = InterestCreator.xib; sourceTree = "<group>"; };
		C12B8F8820028EBA00B5BC4F /* InterestCreator.swift */ = {isa = PBXFileReference; lastKnownFileType = sourcecode.swift; path = InterestCreator.swift; sourceTree = "<group>"; };
		C12B8F8E2002B25A00B5BC4F /* UIColor.swift */ = {isa = PBXFileReference; lastKnownFileType = sourcecode.swift; path = UIColor.swift; sourceTree = "<group>"; };
		C12FF4DC1FCE4939002E0E0F /* Configuration.swift */ = {isa = PBXFileReference; lastKnownFileType = sourcecode.swift; path = Configuration.swift; sourceTree = "<group>"; };
		C12FF4DE1FCE496C002E0E0F /* HTTP.swift */ = {isa = PBXFileReference; lastKnownFileType = sourcecode.swift; path = HTTP.swift; sourceTree = "<group>"; };
		C12FF4E01FCE4E86002E0E0F /* Authentication.swift */ = {isa = PBXFileReference; lastKnownFileType = sourcecode.swift; path = Authentication.swift; sourceTree = "<group>"; };
		C12FF4E31FCE501F002E0E0F /* User.swift */ = {isa = PBXFileReference; lastKnownFileType = sourcecode.swift; path = User.swift; sourceTree = "<group>"; };
		C12FF4E51FCE50CE002E0E0F /* State.swift */ = {isa = PBXFileReference; lastKnownFileType = sourcecode.swift; path = State.swift; sourceTree = "<group>"; };
		C12FF4E71FCE5A60002E0E0F /* Elements.swift */ = {isa = PBXFileReference; lastKnownFileType = sourcecode.swift; path = Elements.swift; sourceTree = "<group>"; };
		C12FF4E91FCF1A6A002E0E0F /* ConfirmationController.swift */ = {isa = PBXFileReference; lastKnownFileType = sourcecode.swift; path = ConfirmationController.swift; sourceTree = "<group>"; };
		C13620B41FFC10AD00460DD1 /* MessageViewController.swift */ = {isa = PBXFileReference; lastKnownFileType = sourcecode.swift; path = MessageViewController.swift; sourceTree = "<group>"; };
		C13620B61FFC239B00460DD1 /* Message.swift */ = {isa = PBXFileReference; lastKnownFileType = sourcecode.swift; path = Message.swift; sourceTree = "<group>"; };
		C13620B81FFC369600460DD1 /* MessageTableView.swift */ = {isa = PBXFileReference; lastKnownFileType = sourcecode.swift; path = MessageTableView.swift; sourceTree = "<group>"; };
		C13F55522015708800D9BC1A /* InterestExplore.xib */ = {isa = PBXFileReference; lastKnownFileType = file.xib; path = InterestExplore.xib; sourceTree = "<group>"; };
		C13F55542015A90700D9BC1A /* UICollectionView.swift */ = {isa = PBXFileReference; lastKnownFileType = sourcecode.swift; path = UICollectionView.swift; sourceTree = "<group>"; };
		C15E3788201009D80025F651 /* CALayer.swift */ = {isa = PBXFileReference; lastKnownFileType = sourcecode.swift; path = CALayer.swift; sourceTree = "<group>"; };
		C163489E1FC0E44A006A85F2 /* AuthenticationNavigationController.swift */ = {isa = PBXFileReference; lastKnownFileType = sourcecode.swift; path = AuthenticationNavigationController.swift; sourceTree = "<group>"; };
		C16348A11FC0E691006A85F2 /* UIFadeSegue.swift */ = {isa = PBXFileReference; lastKnownFileType = sourcecode.swift; path = UIFadeSegue.swift; sourceTree = "<group>"; };
		C16348A51FC0F931006A85F2 /* Bebas */ = {isa = PBXFileReference; lastKnownFileType = folder; path = Bebas; sourceTree = "<group>"; };
		C16348A61FC0F932006A85F2 /* pacifico */ = {isa = PBXFileReference; lastKnownFileType = folder; path = pacifico; sourceTree = "<group>"; };
		C16348A71FC0F932006A85F2 /* ostrich-sans */ = {isa = PBXFileReference; lastKnownFileType = folder; path = "ostrich-sans"; sourceTree = "<group>"; };
		C168058D1FCE3E9A0093058C /* HomeController.swift */ = {isa = PBXFileReference; lastKnownFileType = sourcecode.swift; path = HomeController.swift; sourceTree = "<group>"; };
		C16BCF381FFDDA33001C3619 /* ProfileViewController.swift */ = {isa = PBXFileReference; lastKnownFileType = sourcecode.swift; path = ProfileViewController.swift; sourceTree = "<group>"; };
		C16BCF3A1FFE9740001C3619 /* BoopPageViewController.swift */ = {isa = PBXFileReference; lastKnownFileType = sourcecode.swift; path = BoopPageViewController.swift; sourceTree = "<group>"; };
		C16BCF3E1FFEC72F001C3619 /* ReplyViewController.swift */ = {isa = PBXFileReference; lastKnownFileType = sourcecode.swift; path = ReplyViewController.swift; sourceTree = "<group>"; };
		C16BCF411FFEEA4D001C3619 /* Composer.xib */ = {isa = PBXFileReference; lastKnownFileType = file.xib; path = Composer.xib; sourceTree = "<group>"; };
		C16BCF451FFEEC64001C3619 /* Composer.swift */ = {isa = PBXFileReference; lastKnownFileType = sourcecode.swift; path = Composer.swift; sourceTree = "<group>"; };
		C17BCBFA1FF0B0DE005FA873 /* Bold.ttf */ = {isa = PBXFileReference; lastKnownFileType = file; path = Bold.ttf; sourceTree = "<group>"; };
		C17BCBFB1FF0B0E0005FA873 /* Black.ttf */ = {isa = PBXFileReference; lastKnownFileType = file; path = Black.ttf; sourceTree = "<group>"; };
		C17BCBFC1FF0B0E3005FA873 /* Bolder.ttf */ = {isa = PBXFileReference; lastKnownFileType = file; path = Bolder.ttf; sourceTree = "<group>"; };
		C17BCBFD1FF0B177005FA873 /* Black.ttf */ = {isa = PBXFileReference; lastKnownFileType = file; name = Black.ttf; path = Boop/Assets/Fonts/Heebo/Black.ttf; sourceTree = "<group>"; };
		C17BCBFE1FF0B177005FA873 /* Bold.ttf */ = {isa = PBXFileReference; lastKnownFileType = file; name = Bold.ttf; path = Boop/Assets/Fonts/Heebo/Bold.ttf; sourceTree = "<group>"; };
		C17BCBFF1FF0B178005FA873 /* Thinner.ttf */ = {isa = PBXFileReference; lastKnownFileType = file; name = Thinner.ttf; path = Boop/Assets/Fonts/Heebo/Thinner.ttf; sourceTree = "<group>"; };
		C17BCC001FF0B178005FA873 /* HeavyBold.ttf */ = {isa = PBXFileReference; lastKnownFileType = file; name = HeavyBold.ttf; path = Boop/Assets/Fonts/Heebo/HeavyBold.ttf; sourceTree = "<group>"; };
		C17BCC011FF0B178005FA873 /* Normal.ttf */ = {isa = PBXFileReference; lastKnownFileType = file; name = Normal.ttf; path = Boop/Assets/Fonts/Heebo/Normal.ttf; sourceTree = "<group>"; };
		C17BCC021FF0B178005FA873 /* Bolder.ttf */ = {isa = PBXFileReference; lastKnownFileType = file; name = Bolder.ttf; path = Boop/Assets/Fonts/Heebo/Bolder.ttf; sourceTree = "<group>"; };
		C17BCC031FF0B178005FA873 /* Thin.ttf */ = {isa = PBXFileReference; lastKnownFileType = file; name = Thin.ttf; path = Boop/Assets/Fonts/Heebo/Thin.ttf; sourceTree = "<group>"; };
		C17CEEFD1FDB85CE0037E0D7 /* PillButton.swift */ = {isa = PBXFileReference; lastKnownFileType = sourcecode.swift; path = PillButton.swift; sourceTree = "<group>"; };
		C17CEEFF1FDBB1FF0037E0D7 /* BoopNavigationController.swift */ = {isa = PBXFileReference; lastKnownFileType = sourcecode.swift; path = BoopNavigationController.swift; sourceTree = "<group>"; };
		C18B775F1FC1004C00D0617B /* OstrichSans-Medium.otf */ = {isa = PBXFileReference; lastKnownFileType = file; name = "OstrichSans-Medium.otf"; path = "Boop/Assets/Fonts/ostrich-sans/OstrichSans-Medium.otf"; sourceTree = "<group>"; };
		C18B77601FC1004C00D0617B /* OstrichSans-Light.otf */ = {isa = PBXFileReference; lastKnownFileType = file; name = "OstrichSans-Light.otf"; path = "Boop/Assets/Fonts/ostrich-sans/OstrichSans-Light.otf"; sourceTree = "<group>"; };
		C18B77611FC1004D00D0617B /* OstrichSans-Black.otf */ = {isa = PBXFileReference; lastKnownFileType = file; name = "OstrichSans-Black.otf"; path = "Boop/Assets/Fonts/ostrich-sans/OstrichSans-Black.otf"; sourceTree = "<group>"; };
		C18B77621FC1004D00D0617B /* OstrichSans-Bold.otf */ = {isa = PBXFileReference; lastKnownFileType = file; name = "OstrichSans-Bold.otf"; path = "Boop/Assets/Fonts/ostrich-sans/OstrichSans-Bold.otf"; sourceTree = "<group>"; };
		C18B77631FC1004D00D0617B /* OstrichSans-Heavy.otf */ = {isa = PBXFileReference; lastKnownFileType = file; name = "OstrichSans-Heavy.otf"; path = "Boop/Assets/Fonts/ostrich-sans/OstrichSans-Heavy.otf"; sourceTree = "<group>"; };
		C18B77691FC103E700D0617B /* BEBAS___.ttf */ = {isa = PBXFileReference; lastKnownFileType = file; name = "BEBAS___.ttf"; path = "Boop/Assets/Fonts/Bebas/BEBAS___.ttf"; sourceTree = "<group>"; };
		C18D34191FC1261900EFB705 /* LoginController.swift */ = {isa = PBXFileReference; lastKnownFileType = sourcecode.swift; path = LoginController.swift; sourceTree = "<group>"; };
		C19C10FF1FCF4E5200113FAC /* BoopRequestError.swift */ = {isa = PBXFileReference; lastKnownFileType = sourcecode.swift; path = BoopRequestError.swift; sourceTree = "<group>"; };
		C1A83E152004003200BE161E /* UINavigationController.swift */ = {isa = PBXFileReference; lastKnownFileType = sourcecode.swift; path = UINavigationController.swift; sourceTree = "<group>"; };
		C1AC80851FBE737A00C54D3C /* Boop.app */ = {isa = PBXFileReference; explicitFileType = wrapper.application; includeInIndex = 0; path = Boop.app; sourceTree = BUILT_PRODUCTS_DIR; };
		C1AC80881FBE737A00C54D3C /* AppDelegate.swift */ = {isa = PBXFileReference; lastKnownFileType = sourcecode.swift; path = AppDelegate.swift; sourceTree = "<group>"; };
		C1AC808A1FBE737A00C54D3C /* ViewController.swift */ = {isa = PBXFileReference; lastKnownFileType = sourcecode.swift; path = ViewController.swift; sourceTree = "<group>"; };
		C1AC808D1FBE737A00C54D3C /* Base */ = {isa = PBXFileReference; lastKnownFileType = file.storyboard; name = Base; path = Base.lproj/Main.storyboard; sourceTree = "<group>"; };
		C1AC808F1FBE737A00C54D3C /* Assets.xcassets */ = {isa = PBXFileReference; lastKnownFileType = folder.assetcatalog; path = Assets.xcassets; sourceTree = "<group>"; };
		C1AC80921FBE737A00C54D3C /* Base */ = {isa = PBXFileReference; lastKnownFileType = file.storyboard; name = Base; path = Base.lproj/LaunchScreen.storyboard; sourceTree = "<group>"; };
		C1AC80941FBE737A00C54D3C /* Info.plist */ = {isa = PBXFileReference; lastKnownFileType = text.plist.xml; path = Info.plist; sourceTree = "<group>"; };
		C1AC80991FBE737A00C54D3C /* BoopTests.xctest */ = {isa = PBXFileReference; explicitFileType = wrapper.cfbundle; includeInIndex = 0; path = BoopTests.xctest; sourceTree = BUILT_PRODUCTS_DIR; };
		C1AC809D1FBE737A00C54D3C /* BoopTests.swift */ = {isa = PBXFileReference; lastKnownFileType = sourcecode.swift; path = BoopTests.swift; sourceTree = "<group>"; };
		C1AC809F1FBE737A00C54D3C /* Info.plist */ = {isa = PBXFileReference; lastKnownFileType = text.plist.xml; path = Info.plist; sourceTree = "<group>"; };
		C1AC80A41FBE737A00C54D3C /* BoopUITests.xctest */ = {isa = PBXFileReference; explicitFileType = wrapper.cfbundle; includeInIndex = 0; path = BoopUITests.xctest; sourceTree = BUILT_PRODUCTS_DIR; };
		C1AC80A81FBE737A00C54D3C /* BoopUITests.swift */ = {isa = PBXFileReference; lastKnownFileType = sourcecode.swift; path = BoopUITests.swift; sourceTree = "<group>"; };
		C1AC80AA1FBE737A00C54D3C /* Info.plist */ = {isa = PBXFileReference; lastKnownFileType = text.plist.xml; path = Info.plist; sourceTree = "<group>"; };
		C1AC80B91FBEA37E00C54D3C /* UIViewController.swift */ = {isa = PBXFileReference; lastKnownFileType = sourcecode.swift; path = UIViewController.swift; sourceTree = "<group>"; };
		C1AC80BC1FBF43DF00C54D3C /* RegistrationController.swift */ = {isa = PBXFileReference; lastKnownFileType = sourcecode.swift; path = RegistrationController.swift; sourceTree = "<group>"; };
		C1AD724C2014F829000476C4 /* UITextField.swift */ = {isa = PBXFileReference; lastKnownFileType = sourcecode.swift; path = UITextField.swift; sourceTree = "<group>"; };
		C1AD724E201556B7000476C4 /* Untappable.swift */ = {isa = PBXFileReference; lastKnownFileType = sourcecode.swift; path = Untappable.swift; sourceTree = "<group>"; };
		C1AD725020155CAC000476C4 /* InterestExploreCollectionView.swift */ = {isa = PBXFileReference; lastKnownFileType = sourcecode.swift; path = InterestExploreCollectionView.swift; sourceTree = "<group>"; };
		C1B6DFC3200E8CB800DD0253 /* SocketBridge.swift */ = {isa = PBXFileReference; lastKnownFileType = sourcecode.swift; path = SocketBridge.swift; sourceTree = "<group>"; };
		C1B72BF21FFC54DB008C2676 /* UIView.swift */ = {isa = PBXFileReference; lastKnownFileType = sourcecode.swift; path = UIView.swift; sourceTree = "<group>"; };
		C1B72BF41FFC5951008C2676 /* MessageView.xib */ = {isa = PBXFileReference; lastKnownFileType = file.xib; path = MessageView.xib; sourceTree = "<group>"; };
		C1B72BF71FFD3646008C2676 /* sukhumvit */ = {isa = PBXFileReference; lastKnownFileType = folder; path = sukhumvit; sourceTree = "<group>"; };
		C1B72BF91FFD3659008C2676 /* SukhumvitSet-Medium.ttf */ = {isa = PBXFileReference; lastKnownFileType = file; name = "SukhumvitSet-Medium.ttf"; path = "Boop/Assets/Fonts/sukhumvit/SukhumvitSet-Medium.ttf"; sourceTree = "<group>"; };
		C1B72BFA1FFD365A008C2676 /* SukhumvitSet-Bold.ttf */ = {isa = PBXFileReference; lastKnownFileType = file; name = "SukhumvitSet-Bold.ttf"; path = "Boop/Assets/Fonts/sukhumvit/SukhumvitSet-Bold.ttf"; sourceTree = "<group>"; };
		C1B72BFB1FFD365A008C2676 /* SukhumvitSet-Text.ttf */ = {isa = PBXFileReference; lastKnownFileType = file; name = "SukhumvitSet-Text.ttf"; path = "Boop/Assets/Fonts/sukhumvit/SukhumvitSet-Text.ttf"; sourceTree = "<group>"; };
		C1B72BFC1FFD365A008C2676 /* SukhumvitSet-Thin.ttf */ = {isa = PBXFileReference; lastKnownFileType = file; name = "SukhumvitSet-Thin.ttf"; path = "Boop/Assets/Fonts/sukhumvit/SukhumvitSet-Thin.ttf"; sourceTree = "<group>"; };
		C1B72BFD1FFD365A008C2676 /* SukhumvitSet-Light.ttf */ = {isa = PBXFileReference; lastKnownFileType = file; name = "SukhumvitSet-Light.ttf"; path = "Boop/Assets/Fonts/sukhumvit/SukhumvitSet-Light.ttf"; sourceTree = "<group>"; };
		C1B72BFE1FFD365A008C2676 /* SukhumvitSet-SemiBold.ttf */ = {isa = PBXFileReference; lastKnownFileType = file; name = "SukhumvitSet-SemiBold.ttf"; path = "Boop/Assets/Fonts/sukhumvit/SukhumvitSet-SemiBold.ttf"; sourceTree = "<group>"; };
		C1B7928E203B581200B1471A /* UITapToDismissViewController.swift */ = {isa = PBXFileReference; lastKnownFileType = sourcecode.swift; path = UITapToDismissViewController.swift; sourceTree = "<group>"; };
		C1B79290203B672500B1471A /* GiphyController.swift */ = {isa = PBXFileReference; lastKnownFileType = sourcecode.swift; path = GiphyController.swift; sourceTree = "<group>"; };
		C1C5ECE6200AA7E500B2DDE8 /* AuthenticationSingularity.swift */ = {isa = PBXFileReference; lastKnownFileType = sourcecode.swift; path = AuthenticationSingularity.swift; sourceTree = "<group>"; };
		C1CC7C71200B048000F6E2B1 /* UIButton.swift */ = {isa = PBXFileReference; lastKnownFileType = sourcecode.swift; path = UIButton.swift; sourceTree = "<group>"; };
		C1CC7C75200D06AB00F6E2B1 /* YarnCount.xib */ = {isa = PBXFileReference; lastKnownFileType = file.xib; path = YarnCount.xib; sourceTree = "<group>"; };
		C1CC7C77200D06FD00F6E2B1 /* YarnCounter.swift */ = {isa = PBXFileReference; lastKnownFileType = sourcecode.swift; path = YarnCounter.swift; sourceTree = "<group>"; };
		C1CC7C79200D249900F6E2B1 /* UIImageView.swift */ = {isa = PBXFileReference; lastKnownFileType = sourcecode.swift; path = UIImageView.swift; sourceTree = "<group>"; };
		C1CC7C7B200DA35E00F6E2B1 /* ShadowView.swift */ = {isa = PBXFileReference; lastKnownFileType = sourcecode.swift; path = ShadowView.swift; sourceTree = "<group>"; };
		C1D15D27204DFAA900DBDEE8 /* CenterTextView.swift */ = {isa = PBXFileReference; lastKnownFileType = sourcecode.swift; path = CenterTextView.swift; sourceTree = "<group>"; };
		C1D15D2920506A1700DBDEE8 /* BoopMainMenu.swift */ = {isa = PBXFileReference; lastKnownFileType = sourcecode.swift; path = BoopMainMenu.swift; sourceTree = "<group>"; };
		C1DD294C2011367600A0EF8B /* GlobalBoopNavigation.swift */ = {isa = PBXFileReference; lastKnownFileType = sourcecode.swift; path = GlobalBoopNavigation.swift; sourceTree = "<group>"; };
		C1E482081FD635E1003F8ADF /* FinishProfileController.swift */ = {isa = PBXFileReference; lastKnownFileType = sourcecode.swift; path = FinishProfileController.swift; sourceTree = "<group>"; };
		C1F5226F20255E7200A25D51 /* ExploreLayout.swift */ = {isa = PBXFileReference; lastKnownFileType = sourcecode.swift; path = ExploreLayout.swift; sourceTree = "<group>"; };
		C3F3AC4BBE70D61E88C3616D /* Pods-Boop.debug.xcconfig */ = {isa = PBXFileReference; includeInIndex = 1; lastKnownFileType = text.xcconfig; name = "Pods-Boop.debug.xcconfig"; path = "Pods/Target Support Files/Pods-Boop/Pods-Boop.debug.xcconfig"; sourceTree = "<group>"; };
/* End PBXFileReference section */

/* Begin PBXFrameworksBuildPhase section */
		C1AC80821FBE737A00C54D3C /* Frameworks */ = {
			isa = PBXFrameworksBuildPhase;
			buildActionMask = 2147483647;
			files = (
				C7460BD32C37079E4951C3D1 /* Pods_Boop.framework in Frameworks */,
			);
			runOnlyForDeploymentPostprocessing = 0;
		};
		C1AC80961FBE737A00C54D3C /* Frameworks */ = {
			isa = PBXFrameworksBuildPhase;
			buildActionMask = 2147483647;
			files = (
			);
			runOnlyForDeploymentPostprocessing = 0;
		};
		C1AC80A11FBE737A00C54D3C /* Frameworks */ = {
			isa = PBXFrameworksBuildPhase;
			buildActionMask = 2147483647;
			files = (
			);
			runOnlyForDeploymentPostprocessing = 0;
		};
/* End PBXFrameworksBuildPhase section */

/* Begin PBXGroup section */
		77CABA4AF0AED4C60B8745CF /* Frameworks */ = {
			isa = PBXGroup;
			children = (
				B58F1D8684FCEEE3DBD013DE /* Pods_Boop.framework */,
			);
			name = Frameworks;
			sourceTree = "<group>";
		};
		9593F546BC32D12033D3F523 /* Pods */ = {
			isa = PBXGroup;
			children = (
				C3F3AC4BBE70D61E88C3616D /* Pods-Boop.debug.xcconfig */,
				6F38EF8CE57F60D481862ECE /* Pods-Boop.release.xcconfig */,
			);
			name = Pods;
			sourceTree = "<group>";
		};
		C102E1A11FC8E7590062728E /* Icons */ = {
			isa = PBXGroup;
			children = (
			);
			path = Icons;
			sourceTree = "<group>";
		};
		C12B8F8A20028ED000B5BC4F /* Feed */ = {
			isa = PBXGroup;
			children = (
				C16BCF451FFEEC64001C3619 /* Composer.swift */,
				C168058D1FCE3E9A0093058C /* HomeController.swift */,
				C1B79290203B672500B1471A /* GiphyController.swift */,
			);
			path = Feed;
			sourceTree = "<group>";
		};
		C12B8F8B20028EDE00B5BC4F /* Navigation */ = {
			isa = PBXGroup;
			children = (
				C16BCF3A1FFE9740001C3619 /* BoopPageViewController.swift */,
				C17CEEFF1FDBB1FF0037E0D7 /* BoopNavigationController.swift */,
				C1DD294C2011367600A0EF8B /* GlobalBoopNavigation.swift */,
				C1D15D2920506A1700DBDEE8 /* BoopMainMenu.swift */,
			);
			path = Navigation;
			sourceTree = "<group>";
		};
		C12B8F8C20028EEF00B5BC4F /* Profile */ = {
			isa = PBXGroup;
			children = (
				C16BCF381FFDDA33001C3619 /* ProfileViewController.swift */,
				C12B8F8820028EBA00B5BC4F /* InterestCreator.swift */,
			);
			path = Profile;
			sourceTree = "<group>";
		};
		C12B8F8D20028F1400B5BC4F /* Replies */ = {
			isa = PBXGroup;
			children = (
				C16BCF3E1FFEC72F001C3619 /* ReplyViewController.swift */,
			);
			path = Replies;
			sourceTree = "<group>";
		};
		C12FF4E21FCE5018002E0E0F /* Models */ = {
			isa = PBXGroup;
			children = (
				C12FF4E31FCE501F002E0E0F /* User.swift */,
				C13620B61FFC239B00460DD1 /* Message.swift */,
				C12B8F80200273EA00B5BC4F /* Interest.swift */,
			);
			path = Models;
			sourceTree = "<group>";
		};
		C163489D1FC0E432006A85F2 /* Authentication */ = {
			isa = PBXGroup;
			children = (
				C1AC80BC1FBF43DF00C54D3C /* RegistrationController.swift */,
				C18D34191FC1261900EFB705 /* LoginController.swift */,
				C12FF4E91FCF1A6A002E0E0F /* ConfirmationController.swift */,
				C1E482081FD635E1003F8ADF /* FinishProfileController.swift */,
				C1C5ECE6200AA7E500B2DDE8 /* AuthenticationSingularity.swift */,
			);
			path = Authentication;
			sourceTree = "<group>";
		};
		C16348A01FC0E682006A85F2 /* Utilities */ = {
			isa = PBXGroup;
			children = (
				C16348A11FC0E691006A85F2 /* UIFadeSegue.swift */,
				C12FF4DE1FCE496C002E0E0F /* HTTP.swift */,
				C12FF4E01FCE4E86002E0E0F /* Authentication.swift */,
				C12FF4E71FCE5A60002E0E0F /* Elements.swift */,
				C1CC7C77200D06FD00F6E2B1 /* YarnCounter.swift */,
				C1B6DFC3200E8CB800DD0253 /* SocketBridge.swift */,
				C1AD724E201556B7000476C4 /* Untappable.swift */,
			);
			path = Utilities;
			sourceTree = "<group>";
		};
		C16348A31FC0F91A006A85F2 /* Assets */ = {
			isa = PBXGroup;
			children = (
				C102E1A11FC8E7590062728E /* Icons */,
				C16348A41FC0F920006A85F2 /* Fonts */,
			);
			path = Assets;
			sourceTree = "<group>";
		};
		C16348A41FC0F920006A85F2 /* Fonts */ = {
			isa = PBXGroup;
			children = (
				C1B72BF71FFD3646008C2676 /* sukhumvit */,
				C16348A51FC0F931006A85F2 /* Bebas */,
				C16348A71FC0F932006A85F2 /* ostrich-sans */,
				C16348A61FC0F932006A85F2 /* pacifico */,
			);
			path = Fonts;
			sourceTree = "<group>";
		};
		C16BCF401FFEEA3F001C3619 /* Views */ = {
			isa = PBXGroup;
			children = (
				C1B72BF41FFC5951008C2676 /* MessageView.xib */,
				C16BCF411FFEEA4D001C3619 /* Composer.xib */,
				C12B8F82200274C900B5BC4F /* Interest.xib */,
				C12B8F842002843200B5BC4F /* InterestCreator.xib */,
				C1CC7C75200D06AB00F6E2B1 /* YarnCount.xib */,
				C13F55522015708800D9BC1A /* InterestExplore.xib */,
			);
			path = Views;
			sourceTree = "<group>";
		};
		C19C10FE1FCF4E3E00113FAC /* Errors */ = {
			isa = PBXGroup;
			children = (
				C19C10FF1FCF4E5200113FAC /* BoopRequestError.swift */,
			);
			path = Errors;
			sourceTree = "<group>";
		};
		C1AC807C1FBE737A00C54D3C = {
			isa = PBXGroup;
			children = (
				C1B72BFA1FFD365A008C2676 /* SukhumvitSet-Bold.ttf */,
				C1B72BFD1FFD365A008C2676 /* SukhumvitSet-Light.ttf */,
				C1B72BF91FFD3659008C2676 /* SukhumvitSet-Medium.ttf */,
				C1B72BFE1FFD365A008C2676 /* SukhumvitSet-SemiBold.ttf */,
				C1B72BFB1FFD365A008C2676 /* SukhumvitSet-Text.ttf */,
				C1B72BFC1FFD365A008C2676 /* SukhumvitSet-Thin.ttf */,
				C17BCBFD1FF0B177005FA873 /* Black.ttf */,
				C17BCBFE1FF0B177005FA873 /* Bold.ttf */,
				C17BCC021FF0B178005FA873 /* Bolder.ttf */,
				C17BCC001FF0B178005FA873 /* HeavyBold.ttf */,
				C17BCC011FF0B178005FA873 /* Normal.ttf */,
				C17BCC031FF0B178005FA873 /* Thin.ttf */,
				C17BCBFF1FF0B178005FA873 /* Thinner.ttf */,
				C18B77691FC103E700D0617B /* BEBAS___.ttf */,
				C18B77611FC1004D00D0617B /* OstrichSans-Black.otf */,
				C18B77621FC1004D00D0617B /* OstrichSans-Bold.otf */,
				C18B77631FC1004D00D0617B /* OstrichSans-Heavy.otf */,
				C17BCBFB1FF0B0E0005FA873 /* Black.ttf */,
				C17BCBFA1FF0B0DE005FA873 /* Bold.ttf */,
				C17BCBFC1FF0B0E3005FA873 /* Bolder.ttf */,
				C18B77601FC1004C00D0617B /* OstrichSans-Light.otf */,
				C18B775F1FC1004C00D0617B /* OstrichSans-Medium.otf */,
				C1AC80871FBE737A00C54D3C /* Boop */,
				C1AC809C1FBE737A00C54D3C /* BoopTests */,
				C1AC80A71FBE737A00C54D3C /* BoopUITests */,
				C1AC80861FBE737A00C54D3C /* Products */,
				9593F546BC32D12033D3F523 /* Pods */,
				77CABA4AF0AED4C60B8745CF /* Frameworks */,
			);
			sourceTree = "<group>";
		};
		C1AC80861FBE737A00C54D3C /* Products */ = {
			isa = PBXGroup;
			children = (
				C1AC80851FBE737A00C54D3C /* Boop.app */,
				C1AC80991FBE737A00C54D3C /* BoopTests.xctest */,
				C1AC80A41FBE737A00C54D3C /* BoopUITests.xctest */,
			);
			name = Products;
			sourceTree = "<group>";
		};
		C1AC80871FBE737A00C54D3C /* Boop */ = {
			isa = PBXGroup;
			children = (
				C16BCF401FFEEA3F001C3619 /* Views */,
				C19C10FE1FCF4E3E00113FAC /* Errors */,
				C12FF4E21FCE5018002E0E0F /* Models */,
				C16348A31FC0F91A006A85F2 /* Assets */,
				C16348A01FC0E682006A85F2 /* Utilities */,
				C1AC80BB1FBF43CD00C54D3C /* Controllers */,
				C1AC80B81FBEA37300C54D3C /* Extensions */,
				C1AC80881FBE737A00C54D3C /* AppDelegate.swift */,
				C1AC808A1FBE737A00C54D3C /* ViewController.swift */,
				C1AC808C1FBE737A00C54D3C /* Main.storyboard */,
				C1AC808F1FBE737A00C54D3C /* Assets.xcassets */,
				C1AC80911FBE737A00C54D3C /* LaunchScreen.storyboard */,
				C1AC80941FBE737A00C54D3C /* Info.plist */,
				C12FF4DC1FCE4939002E0E0F /* Configuration.swift */,
				C12FF4E51FCE50CE002E0E0F /* State.swift */,
			);
			path = Boop;
			sourceTree = "<group>";
		};
		C1AC809C1FBE737A00C54D3C /* BoopTests */ = {
			isa = PBXGroup;
			children = (
				C1AC809D1FBE737A00C54D3C /* BoopTests.swift */,
				C1AC809F1FBE737A00C54D3C /* Info.plist */,
			);
			path = BoopTests;
			sourceTree = "<group>";
		};
		C1AC80A71FBE737A00C54D3C /* BoopUITests */ = {
			isa = PBXGroup;
			children = (
				C1AC80A81FBE737A00C54D3C /* BoopUITests.swift */,
				C1AC80AA1FBE737A00C54D3C /* Info.plist */,
			);
			path = BoopUITests;
			sourceTree = "<group>";
		};
		C1AC80B81FBEA37300C54D3C /* Extensions */ = {
			isa = PBXGroup;
			children = (
				C1AC80B91FBEA37E00C54D3C /* UIViewController.swift */,
				C17CEEFD1FDB85CE0037E0D7 /* PillButton.swift */,
				C1B72BF21FFC54DB008C2676 /* UIView.swift */,
				C12B8F8E2002B25A00B5BC4F /* UIColor.swift */,
				C1A83E152004003200BE161E /* UINavigationController.swift */,
				C1CC7C71200B048000F6E2B1 /* UIButton.swift */,
				C1CC7C79200D249900F6E2B1 /* UIImageView.swift */,
				C1CC7C7B200DA35E00F6E2B1 /* ShadowView.swift */,
				C15E3788201009D80025F651 /* CALayer.swift */,
				C1AD724C2014F829000476C4 /* UITextField.swift */,
				C13F55542015A90700D9BC1A /* UICollectionView.swift */,
				C1F5226F20255E7200A25D51 /* ExploreLayout.swift */,
				C1B7928E203B581200B1471A /* UITapToDismissViewController.swift */,
				C11AB16F2045B238009E10A8 /* NavButton.swift */,
				C1D15D27204DFAA900DBDEE8 /* CenterTextView.swift */,
			);
			path = Extensions;
			sourceTree = "<group>";
		};
		C1AC80BB1FBF43CD00C54D3C /* Controllers */ = {
			isa = PBXGroup;
			children = (
				C12B8F8D20028F1400B5BC4F /* Replies */,
				C12B8F8C20028EEF00B5BC4F /* Profile */,
				C12B8F8B20028EDE00B5BC4F /* Navigation */,
				C12B8F8A20028ED000B5BC4F /* Feed */,
				C163489D1FC0E432006A85F2 /* Authentication */,
				C13620B41FFC10AD00460DD1 /* MessageViewController.swift */,
				C13620B81FFC369600460DD1 /* MessageTableView.swift */,
				C10FD1CE2002E47F0087BEE7 /* InterestCollectionView.swift */,
				C163489E1FC0E44A006A85F2 /* AuthenticationNavigationController.swift */,
				C1AD725020155CAC000476C4 /* InterestExploreCollectionView.swift */,
			);
			path = Controllers;
			sourceTree = "<group>";
		};
/* End PBXGroup section */

/* Begin PBXNativeTarget section */
		C1AC80841FBE737A00C54D3C /* Boop */ = {
			isa = PBXNativeTarget;
			buildConfigurationList = C1AC80AD1FBE737B00C54D3C /* Build configuration list for PBXNativeTarget "Boop" */;
			buildPhases = (
				C9D166C0205E6E3219F04F9D /* [CP] Check Pods Manifest.lock */,
				C1AC80811FBE737A00C54D3C /* Sources */,
				C1AC80821FBE737A00C54D3C /* Frameworks */,
				C1AC80831FBE737A00C54D3C /* Resources */,
				7B4A64C390812003473910A8 /* [CP] Embed Pods Frameworks */,
				F5C348C2158FF4C0706C6C5D /* [CP] Copy Pods Resources */,
			);
			buildRules = (
			);
			dependencies = (
			);
			name = Boop;
			productName = Boop;
			productReference = C1AC80851FBE737A00C54D3C /* Boop.app */;
			productType = "com.apple.product-type.application";
		};
		C1AC80981FBE737A00C54D3C /* BoopTests */ = {
			isa = PBXNativeTarget;
			buildConfigurationList = C1AC80B01FBE737B00C54D3C /* Build configuration list for PBXNativeTarget "BoopTests" */;
			buildPhases = (
				C1AC80951FBE737A00C54D3C /* Sources */,
				C1AC80961FBE737A00C54D3C /* Frameworks */,
				C1AC80971FBE737A00C54D3C /* Resources */,
			);
			buildRules = (
			);
			dependencies = (
				C1AC809B1FBE737A00C54D3C /* PBXTargetDependency */,
			);
			name = BoopTests;
			productName = BoopTests;
			productReference = C1AC80991FBE737A00C54D3C /* BoopTests.xctest */;
			productType = "com.apple.product-type.bundle.unit-test";
		};
		C1AC80A31FBE737A00C54D3C /* BoopUITests */ = {
			isa = PBXNativeTarget;
			buildConfigurationList = C1AC80B31FBE737B00C54D3C /* Build configuration list for PBXNativeTarget "BoopUITests" */;
			buildPhases = (
				C1AC80A01FBE737A00C54D3C /* Sources */,
				C1AC80A11FBE737A00C54D3C /* Frameworks */,
				C1AC80A21FBE737A00C54D3C /* Resources */,
			);
			buildRules = (
			);
			dependencies = (
				C1AC80A61FBE737A00C54D3C /* PBXTargetDependency */,
			);
			name = BoopUITests;
			productName = BoopUITests;
			productReference = C1AC80A41FBE737A00C54D3C /* BoopUITests.xctest */;
			productType = "com.apple.product-type.bundle.ui-testing";
		};
/* End PBXNativeTarget section */

/* Begin PBXProject section */
		C1AC807D1FBE737A00C54D3C /* Project object */ = {
			isa = PBXProject;
			attributes = {
				LastSwiftUpdateCheck = 0900;
				LastUpgradeCheck = 0900;
				ORGANIZATIONNAME = "Sam Gehly";
				TargetAttributes = {
					C1AC80841FBE737A00C54D3C = {
						CreatedOnToolsVersion = 9.0;
						ProvisioningStyle = Automatic;
					};
					C1AC80981FBE737A00C54D3C = {
						CreatedOnToolsVersion = 9.0;
						ProvisioningStyle = Automatic;
						TestTargetID = C1AC80841FBE737A00C54D3C;
					};
					C1AC80A31FBE737A00C54D3C = {
						CreatedOnToolsVersion = 9.0;
						ProvisioningStyle = Automatic;
						TestTargetID = C1AC80841FBE737A00C54D3C;
					};
				};
			};
			buildConfigurationList = C1AC80801FBE737A00C54D3C /* Build configuration list for PBXProject "Boop" */;
			compatibilityVersion = "Xcode 8.0";
			developmentRegion = en;
			hasScannedForEncodings = 0;
			knownRegions = (
				en,
				Base,
			);
			mainGroup = C1AC807C1FBE737A00C54D3C;
			productRefGroup = C1AC80861FBE737A00C54D3C /* Products */;
			projectDirPath = "";
			projectRoot = "";
			targets = (
				C1AC80841FBE737A00C54D3C /* Boop */,
				C1AC80981FBE737A00C54D3C /* BoopTests */,
				C1AC80A31FBE737A00C54D3C /* BoopUITests */,
			);
		};
/* End PBXProject section */

/* Begin PBXResourcesBuildPhase section */
		C1AC80831FBE737A00C54D3C /* Resources */ = {
			isa = PBXResourcesBuildPhase;
			buildActionMask = 2147483647;
			files = (
				C1B72BFF1FFD365A008C2676 /* SukhumvitSet-Medium.ttf in Resources */,
				C1CC7C76200D06AB00F6E2B1 /* YarnCount.xib in Resources */,
				C1B72C001FFD365A008C2676 /* SukhumvitSet-Bold.ttf in Resources */,
				C1B72C011FFD365A008C2676 /* SukhumvitSet-Text.ttf in Resources */,
				C1B72C021FFD365A008C2676 /* SukhumvitSet-Thin.ttf in Resources */,
				C1B72C031FFD365A008C2676 /* SukhumvitSet-Light.ttf in Resources */,
				C13F55532015708800D9BC1A /* InterestExplore.xib in Resources */,
				C1B72C041FFD365A008C2676 /* SukhumvitSet-SemiBold.ttf in Resources */,
				C17BCC041FF0B178005FA873 /* Black.ttf in Resources */,
				C1B72BF81FFD3646008C2676 /* sukhumvit in Resources */,
				C17BCC051FF0B178005FA873 /* Bold.ttf in Resources */,
				C17BCC061FF0B178005FA873 /* Thinner.ttf in Resources */,
				C17BCC071FF0B178005FA873 /* HeavyBold.ttf in Resources */,
				C17BCC081FF0B178005FA873 /* Normal.ttf in Resources */,
				C17BCC091FF0B178005FA873 /* Bolder.ttf in Resources */,
				C1B72BF51FFC5951008C2676 /* MessageView.xib in Resources */,
				C17BCC0A1FF0B178005FA873 /* Thin.ttf in Resources */,
				C18B776A1FC103E700D0617B /* BEBAS___.ttf in Resources */,
				C18B77641FC1004D00D0617B /* OstrichSans-Medium.otf in Resources */,
				C18B77651FC1004D00D0617B /* OstrichSans-Light.otf in Resources */,
				C16BCF421FFEEA4D001C3619 /* Composer.xib in Resources */,
				C12B8F852002843200B5BC4F /* InterestCreator.xib in Resources */,
				C12B8F83200274C900B5BC4F /* Interest.xib in Resources */,
				C18B77661FC1004D00D0617B /* OstrichSans-Black.otf in Resources */,
				C18B77671FC1004D00D0617B /* OstrichSans-Bold.otf in Resources */,
				C18B77681FC1004D00D0617B /* OstrichSans-Heavy.otf in Resources */,
				C1AC80931FBE737A00C54D3C /* LaunchScreen.storyboard in Resources */,
				C1AC80901FBE737A00C54D3C /* Assets.xcassets in Resources */,
				C1AC808E1FBE737A00C54D3C /* Main.storyboard in Resources */,
			);
			runOnlyForDeploymentPostprocessing = 0;
		};
		C1AC80971FBE737A00C54D3C /* Resources */ = {
			isa = PBXResourcesBuildPhase;
			buildActionMask = 2147483647;
			files = (
			);
			runOnlyForDeploymentPostprocessing = 0;
		};
		C1AC80A21FBE737A00C54D3C /* Resources */ = {
			isa = PBXResourcesBuildPhase;
			buildActionMask = 2147483647;
			files = (
			);
			runOnlyForDeploymentPostprocessing = 0;
		};
/* End PBXResourcesBuildPhase section */

/* Begin PBXShellScriptBuildPhase section */
		7B4A64C390812003473910A8 /* [CP] Embed Pods Frameworks */ = {
			isa = PBXShellScriptBuildPhase;
			buildActionMask = 2147483647;
			files = (
			);
			inputPaths = (
				"${SRCROOT}/Pods/Target Support Files/Pods-Boop/Pods-Boop-frameworks.sh",
				"${BUILT_PRODUCTS_DIR}/Alamofire/Alamofire.framework",
				"${BUILT_PRODUCTS_DIR}/BAFluidView/BAFluidView.framework",
				"${BUILT_PRODUCTS_DIR}/ESPullToRefresh/ESPullToRefresh.framework",
				"${BUILT_PRODUCTS_DIR}/FLAnimatedImage/FLAnimatedImage.framework",
				"${BUILT_PRODUCTS_DIR}/IGColorPicker/IGColorPicker.framework",
				"${BUILT_PRODUCTS_DIR}/KeychainAccess/KeychainAccess.framework",
				"${BUILT_PRODUCTS_DIR}/M13Checkbox/M13Checkbox.framework",
				"${BUILT_PRODUCTS_DIR}/MRCountryPicker/MRCountryPicker.framework",
				"${BUILT_PRODUCTS_DIR}/NSTimer-Blocks/NSTimer_Blocks.framework",
				"${BUILT_PRODUCTS_DIR}/ObjectMapper/ObjectMapper.framework",
				"${BUILT_PRODUCTS_DIR}/PhoneNumberKit/PhoneNumberKit.framework",
				"${BUILT_PRODUCTS_DIR}/PromiseKit/PromiseKit.framework",
				"${BUILT_PRODUCTS_DIR}/SDWebImage/SDWebImage.framework",
				"${BUILT_PRODUCTS_DIR}/Socket.IO-Client-Swift/SocketIO.framework",
				"${BUILT_PRODUCTS_DIR}/Starscream/Starscream.framework",
				"${BUILT_PRODUCTS_DIR}/SwiftyGiphy/SwiftyGiphy.framework",
				"${BUILT_PRODUCTS_DIR}/SwiftyJSON/SwiftyJSON.framework",
				"${BUILT_PRODUCTS_DIR}/SwiftyShadow/SwiftyShadow.framework",
				"${BUILT_PRODUCTS_DIR}/UITextView+Placeholder/UITextView_Placeholder.framework",
			);
			name = "[CP] Embed Pods Frameworks";
			outputPaths = (
				"${TARGET_BUILD_DIR}/${FRAMEWORKS_FOLDER_PATH}/Alamofire.framework",
				"${TARGET_BUILD_DIR}/${FRAMEWORKS_FOLDER_PATH}/BAFluidView.framework",
				"${TARGET_BUILD_DIR}/${FRAMEWORKS_FOLDER_PATH}/ESPullToRefresh.framework",
				"${TARGET_BUILD_DIR}/${FRAMEWORKS_FOLDER_PATH}/FLAnimatedImage.framework",
				"${TARGET_BUILD_DIR}/${FRAMEWORKS_FOLDER_PATH}/IGColorPicker.framework",
				"${TARGET_BUILD_DIR}/${FRAMEWORKS_FOLDER_PATH}/KeychainAccess.framework",
				"${TARGET_BUILD_DIR}/${FRAMEWORKS_FOLDER_PATH}/M13Checkbox.framework",
				"${TARGET_BUILD_DIR}/${FRAMEWORKS_FOLDER_PATH}/MRCountryPicker.framework",
				"${TARGET_BUILD_DIR}/${FRAMEWORKS_FOLDER_PATH}/NSTimer_Blocks.framework",
				"${TARGET_BUILD_DIR}/${FRAMEWORKS_FOLDER_PATH}/ObjectMapper.framework",
				"${TARGET_BUILD_DIR}/${FRAMEWORKS_FOLDER_PATH}/PhoneNumberKit.framework",
				"${TARGET_BUILD_DIR}/${FRAMEWORKS_FOLDER_PATH}/PromiseKit.framework",
				"${TARGET_BUILD_DIR}/${FRAMEWORKS_FOLDER_PATH}/SDWebImage.framework",
				"${TARGET_BUILD_DIR}/${FRAMEWORKS_FOLDER_PATH}/SocketIO.framework",
				"${TARGET_BUILD_DIR}/${FRAMEWORKS_FOLDER_PATH}/Starscream.framework",
				"${TARGET_BUILD_DIR}/${FRAMEWORKS_FOLDER_PATH}/SwiftyGiphy.framework",
				"${TARGET_BUILD_DIR}/${FRAMEWORKS_FOLDER_PATH}/SwiftyJSON.framework",
				"${TARGET_BUILD_DIR}/${FRAMEWORKS_FOLDER_PATH}/SwiftyShadow.framework",
				"${TARGET_BUILD_DIR}/${FRAMEWORKS_FOLDER_PATH}/UITextView_Placeholder.framework",
			);
			runOnlyForDeploymentPostprocessing = 0;
			shellPath = /bin/sh;
			shellScript = "\"${SRCROOT}/Pods/Target Support Files/Pods-Boop/Pods-Boop-frameworks.sh\"\n";
			showEnvVarsInLog = 0;
		};
		C9D166C0205E6E3219F04F9D /* [CP] Check Pods Manifest.lock */ = {
			isa = PBXShellScriptBuildPhase;
			buildActionMask = 2147483647;
			files = (
			);
			inputPaths = (
				"${PODS_PODFILE_DIR_PATH}/Podfile.lock",
				"${PODS_ROOT}/Manifest.lock",
			);
			name = "[CP] Check Pods Manifest.lock";
			outputPaths = (
				"$(DERIVED_FILE_DIR)/Pods-Boop-checkManifestLockResult.txt",
			);
			runOnlyForDeploymentPostprocessing = 0;
			shellPath = /bin/sh;
			shellScript = "diff \"${PODS_PODFILE_DIR_PATH}/Podfile.lock\" \"${PODS_ROOT}/Manifest.lock\" > /dev/null\nif [ $? != 0 ] ; then\n    # print error to STDERR\n    echo \"error: The sandbox is not in sync with the Podfile.lock. Run 'pod install' or update your CocoaPods installation.\" >&2\n    exit 1\nfi\n# This output is used by Xcode 'outputs' to avoid re-running this script phase.\necho \"SUCCESS\" > \"${SCRIPT_OUTPUT_FILE_0}\"\n";
			showEnvVarsInLog = 0;
		};
		F5C348C2158FF4C0706C6C5D /* [CP] Copy Pods Resources */ = {
			isa = PBXShellScriptBuildPhase;
			buildActionMask = 2147483647;
			files = (
			);
			inputPaths = (
			);
			name = "[CP] Copy Pods Resources";
			outputPaths = (
			);
			runOnlyForDeploymentPostprocessing = 0;
			shellPath = /bin/sh;
			shellScript = "\"${SRCROOT}/Pods/Target Support Files/Pods-Boop/Pods-Boop-resources.sh\"\n";
			showEnvVarsInLog = 0;
		};
/* End PBXShellScriptBuildPhase section */

/* Begin PBXSourcesBuildPhase section */
		C1AC80811FBE737A00C54D3C /* Sources */ = {
			isa = PBXSourcesBuildPhase;
			buildActionMask = 2147483647;
			files = (
				C1B72BF31FFC54DB008C2676 /* UIView.swift in Sources */,
				C1E482091FD635E1003F8ADF /* FinishProfileController.swift in Sources */,
				C12FF4E41FCE501F002E0E0F /* User.swift in Sources */,
				C12FF4EA1FCF1A6A002E0E0F /* ConfirmationController.swift in Sources */,
				C1AD724D2014F829000476C4 /* UITextField.swift in Sources */,
				C16348A21FC0E691006A85F2 /* UIFadeSegue.swift in Sources */,
				C19C11001FCF4E5200113FAC /* BoopRequestError.swift in Sources */,
				C1DD294D2011367600A0EF8B /* GlobalBoopNavigation.swift in Sources */,
				C1B6DFC4200E8CB800DD0253 /* SocketBridge.swift in Sources */,
				C17CEF001FDBB1FF0037E0D7 /* BoopNavigationController.swift in Sources */,
				C16BCF3F1FFEC72F001C3619 /* ReplyViewController.swift in Sources */,
				C15E3789201009D80025F651 /* CALayer.swift in Sources */,
				C13620B51FFC10AD00460DD1 /* MessageViewController.swift in Sources */,
				C12B8F81200273EA00B5BC4F /* Interest.swift in Sources */,
				C1CC7C7C200DA35E00F6E2B1 /* ShadowView.swift in Sources */,
				C1F5227020255E7200A25D51 /* ExploreLayout.swift in Sources */,
				C1AC808B1FBE737A00C54D3C /* ViewController.swift in Sources */,
				C12B8F8920028EBA00B5BC4F /* InterestCreator.swift in Sources */,
				C10FD1CF2002E47F0087BEE7 /* InterestCollectionView.swift in Sources */,
				C163489F1FC0E44A006A85F2 /* AuthenticationNavigationController.swift in Sources */,
				C1D15D28204DFAA900DBDEE8 /* CenterTextView.swift in Sources */,
				C17CEEFE1FDB85CE0037E0D7 /* PillButton.swift in Sources */,
				C1C5ECE7200AA7E500B2DDE8 /* AuthenticationSingularity.swift in Sources */,
				C12FF4E61FCE50CE002E0E0F /* State.swift in Sources */,
				C1B79291203B672500B1471A /* GiphyController.swift in Sources */,
				C1CC7C72200B048000F6E2B1 /* UIButton.swift in Sources */,
				C12FF4DF1FCE496C002E0E0F /* HTTP.swift in Sources */,
				C1AC80BA1FBEA37E00C54D3C /* UIViewController.swift in Sources */,
				C11AB1702045B238009E10A8 /* NavButton.swift in Sources */,
				C1D15D2A20506A1700DBDEE8 /* BoopMainMenu.swift in Sources */,
				C16BCF3B1FFE9740001C3619 /* BoopPageViewController.swift in Sources */,
				C168058E1FCE3E9A0093058C /* HomeController.swift in Sources */,
				C1B7928F203B581200B1471A /* UITapToDismissViewController.swift in Sources */,
				C12FF4DD1FCE4939002E0E0F /* Configuration.swift in Sources */,
				C12B8F8F2002B25A00B5BC4F /* UIColor.swift in Sources */,
				C13620B91FFC369600460DD1 /* MessageTableView.swift in Sources */,
				C1A83E162004003200BE161E /* UINavigationController.swift in Sources */,
				C1AD724F201556B7000476C4 /* Untappable.swift in Sources */,
				C16BCF461FFEEC64001C3619 /* Composer.swift in Sources */,
				C18D341A1FC1261900EFB705 /* LoginController.swift in Sources */,
				C1CC7C7A200D249900F6E2B1 /* UIImageView.swift in Sources */,
				C13620B71FFC239B00460DD1 /* Message.swift in Sources */,
				C1AC80BD1FBF43DF00C54D3C /* RegistrationController.swift in Sources */,
				C1AC80891FBE737A00C54D3C /* AppDelegate.swift in Sources */,
				C1AD725120155CAC000476C4 /* InterestExploreCollectionView.swift in Sources */,
				C16BCF391FFDDA33001C3619 /* ProfileViewController.swift in Sources */,
				C12FF4E11FCE4E86002E0E0F /* Authentication.swift in Sources */,
				C1CC7C78200D06FD00F6E2B1 /* YarnCounter.swift in Sources */,
				C13F55552015A90700D9BC1A /* UICollectionView.swift in Sources */,
				C12FF4E81FCE5A60002E0E0F /* Elements.swift in Sources */,
			);
			runOnlyForDeploymentPostprocessing = 0;
		};
		C1AC80951FBE737A00C54D3C /* Sources */ = {
			isa = PBXSourcesBuildPhase;
			buildActionMask = 2147483647;
			files = (
				C1AC809E1FBE737A00C54D3C /* BoopTests.swift in Sources */,
			);
			runOnlyForDeploymentPostprocessing = 0;
		};
		C1AC80A01FBE737A00C54D3C /* Sources */ = {
			isa = PBXSourcesBuildPhase;
			buildActionMask = 2147483647;
			files = (
				C1AC80A91FBE737A00C54D3C /* BoopUITests.swift in Sources */,
			);
			runOnlyForDeploymentPostprocessing = 0;
		};
/* End PBXSourcesBuildPhase section */

/* Begin PBXTargetDependency section */
		C1AC809B1FBE737A00C54D3C /* PBXTargetDependency */ = {
			isa = PBXTargetDependency;
			target = C1AC80841FBE737A00C54D3C /* Boop */;
			targetProxy = C1AC809A1FBE737A00C54D3C /* PBXContainerItemProxy */;
		};
		C1AC80A61FBE737A00C54D3C /* PBXTargetDependency */ = {
			isa = PBXTargetDependency;
			target = C1AC80841FBE737A00C54D3C /* Boop */;
			targetProxy = C1AC80A51FBE737A00C54D3C /* PBXContainerItemProxy */;
		};
/* End PBXTargetDependency section */

/* Begin PBXVariantGroup section */
		C1AC808C1FBE737A00C54D3C /* Main.storyboard */ = {
			isa = PBXVariantGroup;
			children = (
				C1AC808D1FBE737A00C54D3C /* Base */,
			);
			name = Main.storyboard;
			sourceTree = "<group>";
		};
		C1AC80911FBE737A00C54D3C /* LaunchScreen.storyboard */ = {
			isa = PBXVariantGroup;
			children = (
				C1AC80921FBE737A00C54D3C /* Base */,
			);
			name = LaunchScreen.storyboard;
			sourceTree = "<group>";
		};
/* End PBXVariantGroup section */

/* Begin XCBuildConfiguration section */
		C1AC80AB1FBE737B00C54D3C /* Debug */ = {
			isa = XCBuildConfiguration;
			buildSettings = {
				ALWAYS_SEARCH_USER_PATHS = NO;
				CLANG_ANALYZER_NONNULL = YES;
				CLANG_ANALYZER_NUMBER_OBJECT_CONVERSION = YES_AGGRESSIVE;
				CLANG_CXX_LANGUAGE_STANDARD = "gnu++14";
				CLANG_CXX_LIBRARY = "libc++";
				CLANG_ENABLE_MODULES = YES;
				CLANG_ENABLE_OBJC_ARC = YES;
				CLANG_WARN_BLOCK_CAPTURE_AUTORELEASING = YES;
				CLANG_WARN_BOOL_CONVERSION = YES;
				CLANG_WARN_COMMA = YES;
				CLANG_WARN_CONSTANT_CONVERSION = YES;
				CLANG_WARN_DIRECT_OBJC_ISA_USAGE = YES_ERROR;
				CLANG_WARN_DOCUMENTATION_COMMENTS = YES;
				CLANG_WARN_EMPTY_BODY = YES;
				CLANG_WARN_ENUM_CONVERSION = YES;
				CLANG_WARN_INFINITE_RECURSION = YES;
				CLANG_WARN_INT_CONVERSION = YES;
				CLANG_WARN_NON_LITERAL_NULL_CONVERSION = YES;
				CLANG_WARN_OBJC_LITERAL_CONVERSION = YES;
				CLANG_WARN_OBJC_ROOT_CLASS = YES_ERROR;
				CLANG_WARN_RANGE_LOOP_ANALYSIS = YES;
				CLANG_WARN_STRICT_PROTOTYPES = YES;
				CLANG_WARN_SUSPICIOUS_MOVE = YES;
				CLANG_WARN_UNGUARDED_AVAILABILITY = YES_AGGRESSIVE;
				CLANG_WARN_UNREACHABLE_CODE = YES;
				CLANG_WARN__DUPLICATE_METHOD_MATCH = YES;
				CODE_SIGN_IDENTITY = "iPhone Developer";
				COPY_PHASE_STRIP = NO;
				DEBUG_INFORMATION_FORMAT = dwarf;
				ENABLE_STRICT_OBJC_MSGSEND = YES;
				ENABLE_TESTABILITY = YES;
				GCC_C_LANGUAGE_STANDARD = gnu11;
				GCC_DYNAMIC_NO_PIC = NO;
				GCC_NO_COMMON_BLOCKS = YES;
				GCC_OPTIMIZATION_LEVEL = 0;
				GCC_PREPROCESSOR_DEFINITIONS = (
					"DEBUG=1",
					"$(inherited)",
				);
				GCC_WARN_64_TO_32_BIT_CONVERSION = YES;
				GCC_WARN_ABOUT_RETURN_TYPE = YES_ERROR;
				GCC_WARN_UNDECLARED_SELECTOR = YES;
				GCC_WARN_UNINITIALIZED_AUTOS = YES_AGGRESSIVE;
				GCC_WARN_UNUSED_FUNCTION = YES;
				GCC_WARN_UNUSED_VARIABLE = YES;
				IPHONEOS_DEPLOYMENT_TARGET = 11.0;
				MTL_ENABLE_DEBUG_INFO = YES;
				ONLY_ACTIVE_ARCH = YES;
				SDKROOT = iphoneos;
				SWIFT_ACTIVE_COMPILATION_CONDITIONS = DEBUG;
				SWIFT_OPTIMIZATION_LEVEL = "-Onone";
			};
			name = Debug;
		};
		C1AC80AC1FBE737B00C54D3C /* Release */ = {
			isa = XCBuildConfiguration;
			buildSettings = {
				ALWAYS_SEARCH_USER_PATHS = NO;
				CLANG_ANALYZER_NONNULL = YES;
				CLANG_ANALYZER_NUMBER_OBJECT_CONVERSION = YES_AGGRESSIVE;
				CLANG_CXX_LANGUAGE_STANDARD = "gnu++14";
				CLANG_CXX_LIBRARY = "libc++";
				CLANG_ENABLE_MODULES = YES;
				CLANG_ENABLE_OBJC_ARC = YES;
				CLANG_WARN_BLOCK_CAPTURE_AUTORELEASING = YES;
				CLANG_WARN_BOOL_CONVERSION = YES;
				CLANG_WARN_COMMA = YES;
				CLANG_WARN_CONSTANT_CONVERSION = YES;
				CLANG_WARN_DIRECT_OBJC_ISA_USAGE = YES_ERROR;
				CLANG_WARN_DOCUMENTATION_COMMENTS = YES;
				CLANG_WARN_EMPTY_BODY = YES;
				CLANG_WARN_ENUM_CONVERSION = YES;
				CLANG_WARN_INFINITE_RECURSION = YES;
				CLANG_WARN_INT_CONVERSION = YES;
				CLANG_WARN_NON_LITERAL_NULL_CONVERSION = YES;
				CLANG_WARN_OBJC_LITERAL_CONVERSION = YES;
				CLANG_WARN_OBJC_ROOT_CLASS = YES_ERROR;
				CLANG_WARN_RANGE_LOOP_ANALYSIS = YES;
				CLANG_WARN_STRICT_PROTOTYPES = YES;
				CLANG_WARN_SUSPICIOUS_MOVE = YES;
				CLANG_WARN_UNGUARDED_AVAILABILITY = YES_AGGRESSIVE;
				CLANG_WARN_UNREACHABLE_CODE = YES;
				CLANG_WARN__DUPLICATE_METHOD_MATCH = YES;
				CODE_SIGN_IDENTITY = "iPhone Developer";
				COPY_PHASE_STRIP = NO;
				DEBUG_INFORMATION_FORMAT = "dwarf-with-dsym";
				ENABLE_NS_ASSERTIONS = NO;
				ENABLE_STRICT_OBJC_MSGSEND = YES;
				GCC_C_LANGUAGE_STANDARD = gnu11;
				GCC_NO_COMMON_BLOCKS = YES;
				GCC_WARN_64_TO_32_BIT_CONVERSION = YES;
				GCC_WARN_ABOUT_RETURN_TYPE = YES_ERROR;
				GCC_WARN_UNDECLARED_SELECTOR = YES;
				GCC_WARN_UNINITIALIZED_AUTOS = YES_AGGRESSIVE;
				GCC_WARN_UNUSED_FUNCTION = YES;
				GCC_WARN_UNUSED_VARIABLE = YES;
				IPHONEOS_DEPLOYMENT_TARGET = 11.0;
				MTL_ENABLE_DEBUG_INFO = NO;
				SDKROOT = iphoneos;
				SWIFT_OPTIMIZATION_LEVEL = "-Owholemodule";
				VALIDATE_PRODUCT = YES;
			};
			name = Release;
		};
		C1AC80AE1FBE737B00C54D3C /* Debug */ = {
			isa = XCBuildConfiguration;
			baseConfigurationReference = C3F3AC4BBE70D61E88C3616D /* Pods-Boop.debug.xcconfig */;
			buildSettings = {
				ASSETCATALOG_COMPILER_APPICON_NAME = AppIcon;
				CODE_SIGN_STYLE = Automatic;
				DEVELOPMENT_TEAM = 92ASZT77BN;
				INFOPLIST_FILE = Boop/Info.plist;
				IPHONEOS_DEPLOYMENT_TARGET = 11.0;
				LD_RUNPATH_SEARCH_PATHS = "$(inherited) @executable_path/Frameworks";
				PRODUCT_BUNDLE_IDENTIFIER = feline.Boop;
				PRODUCT_NAME = "$(TARGET_NAME)";
				SWIFT_VERSION = 4.0;
				TARGETED_DEVICE_FAMILY = 1;
			};
			name = Debug;
		};
		C1AC80AF1FBE737B00C54D3C /* Release */ = {
			isa = XCBuildConfiguration;
			baseConfigurationReference = 6F38EF8CE57F60D481862ECE /* Pods-Boop.release.xcconfig */;
			buildSettings = {
				ASSETCATALOG_COMPILER_APPICON_NAME = AppIcon;
				CODE_SIGN_STYLE = Automatic;
				DEVELOPMENT_TEAM = 92ASZT77BN;
				INFOPLIST_FILE = Boop/Info.plist;
				IPHONEOS_DEPLOYMENT_TARGET = 11.0;
				LD_RUNPATH_SEARCH_PATHS = "$(inherited) @executable_path/Frameworks";
				PRODUCT_BUNDLE_IDENTIFIER = feline.Boop;
				PRODUCT_NAME = "$(TARGET_NAME)";
				SWIFT_VERSION = 4.0;
				TARGETED_DEVICE_FAMILY = 1;
			};
			name = Release;
		};
		C1AC80B11FBE737B00C54D3C /* Debug */ = {
			isa = XCBuildConfiguration;
			buildSettings = {
				ALWAYS_EMBED_SWIFT_STANDARD_LIBRARIES = YES;
				BUNDLE_LOADER = "$(TEST_HOST)";
				CODE_SIGN_STYLE = Automatic;
				INFOPLIST_FILE = BoopTests/Info.plist;
				LD_RUNPATH_SEARCH_PATHS = "$(inherited) @executable_path/Frameworks @loader_path/Frameworks";
				PRODUCT_BUNDLE_IDENTIFIER = gehly.BoopTests;
				PRODUCT_NAME = "$(TARGET_NAME)";
				SWIFT_VERSION = 4.0;
				TARGETED_DEVICE_FAMILY = "1,2";
				TEST_HOST = "$(BUILT_PRODUCTS_DIR)/Boop.app/Boop";
			};
			name = Debug;
		};
		C1AC80B21FBE737B00C54D3C /* Release */ = {
			isa = XCBuildConfiguration;
			buildSettings = {
				ALWAYS_EMBED_SWIFT_STANDARD_LIBRARIES = YES;
				BUNDLE_LOADER = "$(TEST_HOST)";
				CODE_SIGN_STYLE = Automatic;
				INFOPLIST_FILE = BoopTests/Info.plist;
				LD_RUNPATH_SEARCH_PATHS = "$(inherited) @executable_path/Frameworks @loader_path/Frameworks";
				PRODUCT_BUNDLE_IDENTIFIER = gehly.BoopTests;
				PRODUCT_NAME = "$(TARGET_NAME)";
				SWIFT_VERSION = 4.0;
				TARGETED_DEVICE_FAMILY = "1,2";
				TEST_HOST = "$(BUILT_PRODUCTS_DIR)/Boop.app/Boop";
			};
			name = Release;
		};
		C1AC80B41FBE737B00C54D3C /* Debug */ = {
			isa = XCBuildConfiguration;
			buildSettings = {
				ALWAYS_EMBED_SWIFT_STANDARD_LIBRARIES = YES;
				CODE_SIGN_STYLE = Automatic;
				INFOPLIST_FILE = BoopUITests/Info.plist;
				LD_RUNPATH_SEARCH_PATHS = "$(inherited) @executable_path/Frameworks @loader_path/Frameworks";
				PRODUCT_BUNDLE_IDENTIFIER = gehly.BoopUITests;
				PRODUCT_NAME = "$(TARGET_NAME)";
				SWIFT_VERSION = 4.0;
				TARGETED_DEVICE_FAMILY = "1,2";
				TEST_TARGET_NAME = Boop;
			};
			name = Debug;
		};
		C1AC80B51FBE737B00C54D3C /* Release */ = {
			isa = XCBuildConfiguration;
			buildSettings = {
				ALWAYS_EMBED_SWIFT_STANDARD_LIBRARIES = YES;
				CODE_SIGN_STYLE = Automatic;
				INFOPLIST_FILE = BoopUITests/Info.plist;
				LD_RUNPATH_SEARCH_PATHS = "$(inherited) @executable_path/Frameworks @loader_path/Frameworks";
				PRODUCT_BUNDLE_IDENTIFIER = gehly.BoopUITests;
				PRODUCT_NAME = "$(TARGET_NAME)";
				SWIFT_VERSION = 4.0;
				TARGETED_DEVICE_FAMILY = "1,2";
				TEST_TARGET_NAME = Boop;
			};
			name = Release;
		};
/* End XCBuildConfiguration section */

/* Begin XCConfigurationList section */
		C1AC80801FBE737A00C54D3C /* Build configuration list for PBXProject "Boop" */ = {
			isa = XCConfigurationList;
			buildConfigurations = (
				C1AC80AB1FBE737B00C54D3C /* Debug */,
				C1AC80AC1FBE737B00C54D3C /* Release */,
			);
			defaultConfigurationIsVisible = 0;
			defaultConfigurationName = Release;
		};
		C1AC80AD1FBE737B00C54D3C /* Build configuration list for PBXNativeTarget "Boop" */ = {
			isa = XCConfigurationList;
			buildConfigurations = (
				C1AC80AE1FBE737B00C54D3C /* Debug */,
				C1AC80AF1FBE737B00C54D3C /* Release */,
			);
			defaultConfigurationIsVisible = 0;
			defaultConfigurationName = Release;
		};
		C1AC80B01FBE737B00C54D3C /* Build configuration list for PBXNativeTarget "BoopTests" */ = {
			isa = XCConfigurationList;
			buildConfigurations = (
				C1AC80B11FBE737B00C54D3C /* Debug */,
				C1AC80B21FBE737B00C54D3C /* Release */,
			);
			defaultConfigurationIsVisible = 0;
			defaultConfigurationName = Release;
		};
		C1AC80B31FBE737B00C54D3C /* Build configuration list for PBXNativeTarget "BoopUITests" */ = {
			isa = XCConfigurationList;
			buildConfigurations = (
				C1AC80B41FBE737B00C54D3C /* Debug */,
				C1AC80B51FBE737B00C54D3C /* Release */,
			);
			defaultConfigurationIsVisible = 0;
			defaultConfigurationName = Release;
		};
/* End XCConfigurationList section */
	};
	rootObject = C1AC807D1FBE737A00C54D3C /* Project object */;
}
